// !$*UTF8*$!
{
	archiveVersion = 1;
	classes = {
	};
	objectVersion = 50;
	objects = {

/* Begin PBXBuildFile section */
		00B1130327C6170600CD8DB2 /* main.c in Sources */ = {isa = PBXBuildFile; fileRef = 00B1130227C6170600CD8DB2 /* main.c */; };
		00B1135C27C753D000CD8DB2 /* CoreFoundation.framework in Frameworks */ = {isa = PBXBuildFile; fileRef = 00B1135B27C753D000CD8DB2 /* CoreFoundation.framework */; };
		00B1135F27C7542000CD8DB2 /* SystemConfiguration.framework in Frameworks */ = {isa = PBXBuildFile; fileRef = 00B1135E27C7542000CD8DB2 /* SystemConfiguration.framework */; };
		00B1136227C7549300CD8DB2 /* LDAP.framework in Frameworks */ = {isa = PBXBuildFile; fileRef = 00B1136127C7549300CD8DB2 /* LDAP.framework */; };
		00B1138E27CF54D700CD8DB2 /* did_register.c in Sources */ = {isa = PBXBuildFile; fileRef = 00B1137427CF54D600CD8DB2 /* did_register.c */; };
		00B1138F27CF54D700CD8DB2 /* did.c in Sources */ = {isa = PBXBuildFile; fileRef = 00B1137827CF54D700CD8DB2 /* did.c */; };
		00B1139027CF54D700CD8DB2 /* aes.c in Sources */ = {isa = PBXBuildFile; fileRef = 00B1137B27CF54D700CD8DB2 /* aes.c */; };
		00B1139127CF54D700CD8DB2 /* base64.c in Sources */ = {isa = PBXBuildFile; fileRef = 00B1138027CF54D700CD8DB2 /* base64.c */; };
		00B1139227CF54D700CD8DB2 /* sha256.c in Sources */ = {isa = PBXBuildFile; fileRef = 00B1138127CF54D700CD8DB2 /* sha256.c */; };
		00B1139327CF54D700CD8DB2 /* base58.c in Sources */ = {isa = PBXBuildFile; fileRef = 00B1138227CF54D700CD8DB2 /* base58.c */; };
		00B1139427CF54D700CD8DB2 /* did_wallet.c in Sources */ = {isa = PBXBuildFile; fileRef = 00B1138427CF54D700CD8DB2 /* did_wallet.c */; };
		00B1139527CF54D700CD8DB2 /* secp256k1_key.c in Sources */ = {isa = PBXBuildFile; fileRef = 00B1138A27CF54D700CD8DB2 /* secp256k1_key.c */; };
		00B1139627CF54D700CD8DB2 /* key_generator.c in Sources */ = {isa = PBXBuildFile; fileRef = 00B1138C27CF54D700CD8DB2 /* key_generator.c */; };
		00B1139727CF54D700CD8DB2 /* did_key.c in Sources */ = {isa = PBXBuildFile; fileRef = 00B1138D27CF54D700CD8DB2 /* did_key.c */; };
		00B1139E27CF555D00CD8DB2 /* cJSON.c in Sources */ = {isa = PBXBuildFile; fileRef = 00B1139C27CF555D00CD8DB2 /* cJSON.c */; };
		00B1146927DF2D2700CD8DB2 /* libc++.tbd in Frameworks */ = {isa = PBXBuildFile; fileRef = 00B1146727DF2D0600CD8DB2 /* libc++.tbd */; };
		00B1146C27DF2E2900CD8DB2 /* Security.framework in Frameworks */ = {isa = PBXBuildFile; fileRef = 00B1146B27DF2E2900CD8DB2 /* Security.framework */; };
		966E8D2627D8252F002F4AD0 /* MetabloxDID.h in Headers */ = {isa = PBXBuildFile; fileRef = 966E8D2527D8252F002F4AD0 /* MetabloxDID.h */; settings = {ATTRIBUTES = (Public, ); }; };
		966E8D2A27D99196002F4AD0 /* main.c in Sources */ = {isa = PBXBuildFile; fileRef = 00B1130227C6170600CD8DB2 /* main.c */; };
		966E8D2B27D99199002F4AD0 /* did_wallet.c in Sources */ = {isa = PBXBuildFile; fileRef = 00B1138427CF54D700CD8DB2 /* did_wallet.c */; };
		966E8D2C27D9919D002F4AD0 /* did_register.c in Sources */ = {isa = PBXBuildFile; fileRef = 00B1137427CF54D600CD8DB2 /* did_register.c */; };
		966E8D2D27D991A1002F4AD0 /* did_key.c in Sources */ = {isa = PBXBuildFile; fileRef = 00B1138D27CF54D700CD8DB2 /* did_key.c */; };
		966E8D2E27D991A3002F4AD0 /* key_generator.c in Sources */ = {isa = PBXBuildFile; fileRef = 00B1138C27CF54D700CD8DB2 /* key_generator.c */; };
		966E8D2F27D991A7002F4AD0 /* secp256k1_key.c in Sources */ = {isa = PBXBuildFile; fileRef = 00B1138A27CF54D700CD8DB2 /* secp256k1_key.c */; };
		966E8D3027D991AB002F4AD0 /* did.c in Sources */ = {isa = PBXBuildFile; fileRef = 00B1137827CF54D700CD8DB2 /* did.c */; };
		966E8D3127D991B4002F4AD0 /* aes.c in Sources */ = {isa = PBXBuildFile; fileRef = 00B1137B27CF54D700CD8DB2 /* aes.c */; };
		966E8D3227D991B6002F4AD0 /* base64.c in Sources */ = {isa = PBXBuildFile; fileRef = 00B1138027CF54D700CD8DB2 /* base64.c */; };
		966E8D3327D991B8002F4AD0 /* sha256.c in Sources */ = {isa = PBXBuildFile; fileRef = 00B1138127CF54D700CD8DB2 /* sha256.c */; };
		966E8D3427D991BA002F4AD0 /* base58.c in Sources */ = {isa = PBXBuildFile; fileRef = 00B1138227CF54D700CD8DB2 /* base58.c */; };
		966E8D3527D991BD002F4AD0 /* cJSON.c in Sources */ = {isa = PBXBuildFile; fileRef = 00B1139C27CF555D00CD8DB2 /* cJSON.c */; };
		966E8D3627D9927C002F4AD0 /* CoreFoundation.framework in Frameworks */ = {isa = PBXBuildFile; fileRef = 00B1135B27C753D000CD8DB2 /* CoreFoundation.framework */; };
		966E8D3727D99292002F4AD0 /* SystemConfiguration.framework in Frameworks */ = {isa = PBXBuildFile; fileRef = 00B1135E27C7542000CD8DB2 /* SystemConfiguration.framework */; };
		966E8D3927DFC2AF002F4AD0 /* did.h in Headers */ = {isa = PBXBuildFile; fileRef = 00B1137927CF54D700CD8DB2 /* did.h */; settings = {ATTRIBUTES = (Private, ); }; };
		966E8D3A27DFC2AF002F4AD0 /* did_wallet.h in Headers */ = {isa = PBXBuildFile; fileRef = 00B1138527CF54D700CD8DB2 /* did_wallet.h */; settings = {ATTRIBUTES = (Private, ); }; };
		966E8D3E27DFC574002F4AD0 /* DIDCore.swift in Sources */ = {isa = PBXBuildFile; fileRef = 966E8D3C27DFC367002F4AD0 /* DIDCore.swift */; };
		966E8D3F27DFCEEB002F4AD0 /* did_key.h in Headers */ = {isa = PBXBuildFile; fileRef = 00B1138727CF54D700CD8DB2 /* did_key.h */; settings = {ATTRIBUTES = (Private, ); }; };
		966E8D4027DFCEEB002F4AD0 /* key_generator.h in Headers */ = {isa = PBXBuildFile; fileRef = 00B1138827CF54D700CD8DB2 /* key_generator.h */; settings = {ATTRIBUTES = (Private, ); }; };
		966E8D4127DFCF13002F4AD0 /* did_conf.h in Headers */ = {isa = PBXBuildFile; fileRef = 00B1137627CF54D700CD8DB2 /* did_conf.h */; settings = {ATTRIBUTES = (Private, ); }; };
		96CE5B0C27E94CEC0035E706 /* MetabloxDIDTests.swift in Sources */ = {isa = PBXBuildFile; fileRef = 96CE5B0B27E94CEC0035E706 /* MetabloxDIDTests.swift */; };
		96CE5B0D27E94CEC0035E706 /* MetabloxDID.framework in Frameworks */ = {isa = PBXBuildFile; fileRef = 966E8D2327D8252F002F4AD0 /* MetabloxDID.framework */; };
/* End PBXBuildFile section */

/* Begin PBXContainerItemProxy section */
		96CE5B0E27E94CEC0035E706 /* PBXContainerItemProxy */ = {
			isa = PBXContainerItemProxy;
			containerPortal = 00B112F727C6170600CD8DB2 /* Project object */;
			proxyType = 1;
			remoteGlobalIDString = 966E8D2227D8252F002F4AD0;
			remoteInfo = MetabloxDID;
		};
/* End PBXContainerItemProxy section */

/* Begin PBXCopyFilesBuildPhase section */
		00B112FD27C6170600CD8DB2 /* CopyFiles */ = {
			isa = PBXCopyFilesBuildPhase;
			buildActionMask = 2147483647;
			dstPath = /usr/share/man/man1/;
			dstSubfolderSpec = 0;
			files = (
			);
			runOnlyForDeploymentPostprocessing = 1;
		};
		00B1137027C75D0300CD8DB2 /* Embed Libraries */ = {
			isa = PBXCopyFilesBuildPhase;
			buildActionMask = 2147483647;
			dstPath = "";
			dstSubfolderSpec = 10;
			files = (
			);
			name = "Embed Libraries";
			runOnlyForDeploymentPostprocessing = 0;
		};
/* End PBXCopyFilesBuildPhase section */

/* Begin PBXFileReference section */
		00B112FF27C6170600CD8DB2 /* DIDsdk */ = {isa = PBXFileReference; explicitFileType = "compiled.mach-o.executable"; includeInIndex = 0; path = DIDsdk; sourceTree = BUILT_PRODUCTS_DIR; };
		00B1130227C6170600CD8DB2 /* main.c */ = {isa = PBXFileReference; lastKnownFileType = sourcecode.c.c; path = main.c; sourceTree = "<group>"; };
		00B1135B27C753D000CD8DB2 /* CoreFoundation.framework */ = {isa = PBXFileReference; lastKnownFileType = wrapper.framework; name = CoreFoundation.framework; path = System/Library/Frameworks/CoreFoundation.framework; sourceTree = SDKROOT; };
		00B1135E27C7542000CD8DB2 /* SystemConfiguration.framework */ = {isa = PBXFileReference; lastKnownFileType = wrapper.framework; name = SystemConfiguration.framework; path = System/Library/Frameworks/SystemConfiguration.framework; sourceTree = SDKROOT; };
		00B1136127C7549300CD8DB2 /* LDAP.framework */ = {isa = PBXFileReference; lastKnownFileType = wrapper.framework; name = LDAP.framework; path = System/Library/Frameworks/LDAP.framework; sourceTree = SDKROOT; };
		00B1136427C7550B00CD8DB2 /* libz.tbd */ = {isa = PBXFileReference; lastKnownFileType = "sourcecode.text-based-dylib-definition"; name = libz.tbd; path = usr/lib/libz.tbd; sourceTree = SDKROOT; };
		00B1137327CF54D600CD8DB2 /* did_register.h */ = {isa = PBXFileReference; fileEncoding = 4; lastKnownFileType = sourcecode.c.h; path = did_register.h; sourceTree = "<group>"; };
		00B1137427CF54D600CD8DB2 /* did_register.c */ = {isa = PBXFileReference; fileEncoding = 4; lastKnownFileType = sourcecode.c.c; path = did_register.c; sourceTree = "<group>"; };
		00B1137627CF54D700CD8DB2 /* did_conf.h */ = {isa = PBXFileReference; fileEncoding = 4; lastKnownFileType = sourcecode.c.h; path = did_conf.h; sourceTree = "<group>"; };
		00B1137827CF54D700CD8DB2 /* did.c */ = {isa = PBXFileReference; fileEncoding = 4; lastKnownFileType = sourcecode.c.c; path = did.c; sourceTree = "<group>"; };
		00B1137927CF54D700CD8DB2 /* did.h */ = {isa = PBXFileReference; fileEncoding = 4; lastKnownFileType = sourcecode.c.h; path = did.h; sourceTree = "<group>"; };
		00B1137B27CF54D700CD8DB2 /* aes.c */ = {isa = PBXFileReference; fileEncoding = 4; lastKnownFileType = sourcecode.c.c; path = aes.c; sourceTree = "<group>"; };
		00B1137C27CF54D700CD8DB2 /* base64.h */ = {isa = PBXFileReference; fileEncoding = 4; lastKnownFileType = sourcecode.c.h; path = base64.h; sourceTree = "<group>"; };
		00B1137D27CF54D700CD8DB2 /* base58.h */ = {isa = PBXFileReference; fileEncoding = 4; lastKnownFileType = sourcecode.c.h; path = base58.h; sourceTree = "<group>"; };
		00B1137E27CF54D700CD8DB2 /* sha256.h */ = {isa = PBXFileReference; fileEncoding = 4; lastKnownFileType = sourcecode.c.h; path = sha256.h; sourceTree = "<group>"; };
		00B1137F27CF54D700CD8DB2 /* aes.h */ = {isa = PBXFileReference; fileEncoding = 4; lastKnownFileType = sourcecode.c.h; path = aes.h; sourceTree = "<group>"; };
		00B1138027CF54D700CD8DB2 /* base64.c */ = {isa = PBXFileReference; fileEncoding = 4; lastKnownFileType = sourcecode.c.c; path = base64.c; sourceTree = "<group>"; };
		00B1138127CF54D700CD8DB2 /* sha256.c */ = {isa = PBXFileReference; fileEncoding = 4; lastKnownFileType = sourcecode.c.c; path = sha256.c; sourceTree = "<group>"; };
		00B1138227CF54D700CD8DB2 /* base58.c */ = {isa = PBXFileReference; fileEncoding = 4; lastKnownFileType = sourcecode.c.c; path = base58.c; sourceTree = "<group>"; };
		00B1138427CF54D700CD8DB2 /* did_wallet.c */ = {isa = PBXFileReference; fileEncoding = 4; lastKnownFileType = sourcecode.c.c; path = did_wallet.c; sourceTree = "<group>"; };
		00B1138527CF54D700CD8DB2 /* did_wallet.h */ = {isa = PBXFileReference; fileEncoding = 4; lastKnownFileType = sourcecode.c.h; path = did_wallet.h; sourceTree = "<group>"; };
		00B1138727CF54D700CD8DB2 /* did_key.h */ = {isa = PBXFileReference; fileEncoding = 4; lastKnownFileType = sourcecode.c.h; path = did_key.h; sourceTree = "<group>"; };
		00B1138827CF54D700CD8DB2 /* key_generator.h */ = {isa = PBXFileReference; fileEncoding = 4; lastKnownFileType = sourcecode.c.h; path = key_generator.h; sourceTree = "<group>"; };
		00B1138A27CF54D700CD8DB2 /* secp256k1_key.c */ = {isa = PBXFileReference; fileEncoding = 4; lastKnownFileType = sourcecode.c.c; path = secp256k1_key.c; sourceTree = "<group>"; };
		00B1138B27CF54D700CD8DB2 /* seck256k1_key.h */ = {isa = PBXFileReference; fileEncoding = 4; lastKnownFileType = sourcecode.c.h; path = seck256k1_key.h; sourceTree = "<group>"; };
		00B1138C27CF54D700CD8DB2 /* key_generator.c */ = {isa = PBXFileReference; fileEncoding = 4; lastKnownFileType = sourcecode.c.c; path = key_generator.c; sourceTree = "<group>"; };
		00B1138D27CF54D700CD8DB2 /* did_key.c */ = {isa = PBXFileReference; fileEncoding = 4; lastKnownFileType = sourcecode.c.c; path = did_key.c; sourceTree = "<group>"; };
		00B1139C27CF555D00CD8DB2 /* cJSON.c */ = {isa = PBXFileReference; fileEncoding = 4; lastKnownFileType = sourcecode.c.c; name = cJSON.c; path = "../third-party/cJSON/cJSON.c"; sourceTree = "<group>"; };
		00B1139D27CF555D00CD8DB2 /* cJSON.h */ = {isa = PBXFileReference; fileEncoding = 4; lastKnownFileType = sourcecode.c.h; name = cJSON.h; path = "../third-party/cJSON/cJSON.h"; sourceTree = "<group>"; };
		00B1146727DF2D0600CD8DB2 /* libc++.tbd */ = {isa = PBXFileReference; lastKnownFileType = "sourcecode.text-based-dylib-definition"; name = "libc++.tbd"; path = "usr/lib/libc++.tbd"; sourceTree = SDKROOT; };
		00B1146B27DF2E2900CD8DB2 /* Security.framework */ = {isa = PBXFileReference; lastKnownFileType = wrapper.framework; name = Security.framework; path = System/Library/Frameworks/Security.framework; sourceTree = SDKROOT; };
		966E8D2327D8252F002F4AD0 /* MetabloxDID.framework */ = {isa = PBXFileReference; explicitFileType = wrapper.framework; includeInIndex = 0; path = MetabloxDID.framework; sourceTree = BUILT_PRODUCTS_DIR; };
		966E8D2527D8252F002F4AD0 /* MetabloxDID.h */ = {isa = PBXFileReference; lastKnownFileType = sourcecode.c.h; path = MetabloxDID.h; sourceTree = "<group>"; };
		966E8D3827DFBA38002F4AD0 /* MetabloxDID.modulemap */ = {isa = PBXFileReference; lastKnownFileType = "sourcecode.module-map"; path = MetabloxDID.modulemap; sourceTree = "<group>"; };
		966E8D3B27DFC366002F4AD0 /* DIDsdk-Bridging-Header.h */ = {isa = PBXFileReference; lastKnownFileType = sourcecode.c.h; path = "DIDsdk-Bridging-Header.h"; sourceTree = "<group>"; };
		966E8D3C27DFC367002F4AD0 /* DIDCore.swift */ = {isa = PBXFileReference; lastKnownFileType = sourcecode.swift; path = DIDCore.swift; sourceTree = "<group>"; };
		96CE5B0927E94CEC0035E706 /* MetabloxDIDTests.xctest */ = {isa = PBXFileReference; explicitFileType = wrapper.cfbundle; includeInIndex = 0; path = MetabloxDIDTests.xctest; sourceTree = BUILT_PRODUCTS_DIR; };
		96CE5B0B27E94CEC0035E706 /* MetabloxDIDTests.swift */ = {isa = PBXFileReference; lastKnownFileType = sourcecode.swift; path = MetabloxDIDTests.swift; sourceTree = "<group>"; };
/* End PBXFileReference section */

/* Begin PBXFrameworksBuildPhase section */
		00B112FC27C6170600CD8DB2 /* Frameworks */ = {
			isa = PBXFrameworksBuildPhase;
			buildActionMask = 2147483647;
			files = (
				00B1136227C7549300CD8DB2 /* LDAP.framework in Frameworks */,
				00B1135F27C7542000CD8DB2 /* SystemConfiguration.framework in Frameworks */,
				00B1135C27C753D000CD8DB2 /* CoreFoundation.framework in Frameworks */,
			);
			runOnlyForDeploymentPostprocessing = 0;
		};
		966E8D2027D8252F002F4AD0 /* Frameworks */ = {
			isa = PBXFrameworksBuildPhase;
			buildActionMask = 2147483647;
			files = (
				00B1146927DF2D2700CD8DB2 /* libc++.tbd in Frameworks */,
				966E8D3727D99292002F4AD0 /* SystemConfiguration.framework in Frameworks */,
				00B1146C27DF2E2900CD8DB2 /* Security.framework in Frameworks */,
				966E8D3627D9927C002F4AD0 /* CoreFoundation.framework in Frameworks */,
			);
			runOnlyForDeploymentPostprocessing = 0;
		};
		96CE5B0627E94CEC0035E706 /* Frameworks */ = {
			isa = PBXFrameworksBuildPhase;
			buildActionMask = 2147483647;
			files = (
				96CE5B0D27E94CEC0035E706 /* MetabloxDID.framework in Frameworks */,
			);
			runOnlyForDeploymentPostprocessing = 0;
		};
/* End PBXFrameworksBuildPhase section */

/* Begin PBXGroup section */
		00B112F627C6170600CD8DB2 = {
			isa = PBXGroup;
			children = (
				00B1139B27CF552B00CD8DB2 /* third_party */,
				00B1137A27CF54D700CD8DB2 /* common */,
				00B1137527CF54D700CD8DB2 /* conf */,
				00B1137727CF54D700CD8DB2 /* did */,
				00B1138627CF54D700CD8DB2 /* did_key */,
				00B1137227CF54D600CD8DB2 /* did_register */,
				00B1138327CF54D700CD8DB2 /* did_wallet */,
				00B1130127C6170600CD8DB2 /* did_demo */,
				966E8D2427D8252F002F4AD0 /* MetabloxDID */,
				96CE5B0A27E94CEC0035E706 /* MetabloxDIDTests */,
				00B1130027C6170600CD8DB2 /* Products */,
				00B1135327C733C400CD8DB2 /* Frameworks */,
				966E8D3B27DFC366002F4AD0 /* DIDsdk-Bridging-Header.h */,
			);
			sourceTree = "<group>";
		};
		00B1130027C6170600CD8DB2 /* Products */ = {
			isa = PBXGroup;
			children = (
				00B112FF27C6170600CD8DB2 /* DIDsdk */,
				966E8D2327D8252F002F4AD0 /* MetabloxDID.framework */,
				96CE5B0927E94CEC0035E706 /* MetabloxDIDTests.xctest */,
			);
			name = Products;
			sourceTree = "<group>";
		};
		00B1130127C6170600CD8DB2 /* did_demo */ = {
			isa = PBXGroup;
			children = (
				00B1130227C6170600CD8DB2 /* main.c */,
			);
			path = did_demo;
			sourceTree = "<group>";
		};
		00B1135327C733C400CD8DB2 /* Frameworks */ = {
			isa = PBXGroup;
			children = (
				00B1146B27DF2E2900CD8DB2 /* Security.framework */,
				00B1146727DF2D0600CD8DB2 /* libc++.tbd */,
				00B1136427C7550B00CD8DB2 /* libz.tbd */,
				00B1136127C7549300CD8DB2 /* LDAP.framework */,
				00B1135E27C7542000CD8DB2 /* SystemConfiguration.framework */,
				00B1135B27C753D000CD8DB2 /* CoreFoundation.framework */,
			);
			name = Frameworks;
			sourceTree = "<group>";
		};
		00B1137227CF54D600CD8DB2 /* did_register */ = {
			isa = PBXGroup;
			children = (
				00B1137327CF54D600CD8DB2 /* did_register.h */,
				00B1137427CF54D600CD8DB2 /* did_register.c */,
			);
			name = did_register;
			path = ../did_register;
			sourceTree = "<group>";
		};
		00B1137527CF54D700CD8DB2 /* conf */ = {
			isa = PBXGroup;
			children = (
				00B1137627CF54D700CD8DB2 /* did_conf.h */,
			);
			name = conf;
			path = ../conf;
			sourceTree = "<group>";
		};
		00B1137727CF54D700CD8DB2 /* did */ = {
			isa = PBXGroup;
			children = (
				00B1137827CF54D700CD8DB2 /* did.c */,
				00B1137927CF54D700CD8DB2 /* did.h */,
			);
			name = did;
			path = ../did;
			sourceTree = "<group>";
		};
		00B1137A27CF54D700CD8DB2 /* common */ = {
			isa = PBXGroup;
			children = (
				00B1137B27CF54D700CD8DB2 /* aes.c */,
				00B1137C27CF54D700CD8DB2 /* base64.h */,
				00B1137D27CF54D700CD8DB2 /* base58.h */,
				00B1137E27CF54D700CD8DB2 /* sha256.h */,
				00B1137F27CF54D700CD8DB2 /* aes.h */,
				00B1138027CF54D700CD8DB2 /* base64.c */,
				00B1138127CF54D700CD8DB2 /* sha256.c */,
				00B1138227CF54D700CD8DB2 /* base58.c */,
			);
			name = common;
			path = ../common;
			sourceTree = "<group>";
		};
		00B1138327CF54D700CD8DB2 /* did_wallet */ = {
			isa = PBXGroup;
			children = (
				00B1138427CF54D700CD8DB2 /* did_wallet.c */,
				00B1138527CF54D700CD8DB2 /* did_wallet.h */,
			);
			name = did_wallet;
			path = ../did_wallet;
			sourceTree = "<group>";
		};
		00B1138627CF54D700CD8DB2 /* did_key */ = {
			isa = PBXGroup;
			children = (
				00B1138727CF54D700CD8DB2 /* did_key.h */,
				00B1138827CF54D700CD8DB2 /* key_generator.h */,
				00B1138927CF54D700CD8DB2 /* secp256k1 */,
				00B1138C27CF54D700CD8DB2 /* key_generator.c */,
				00B1138D27CF54D700CD8DB2 /* did_key.c */,
			);
			name = did_key;
			path = ../did_key;
			sourceTree = "<group>";
		};
		00B1138927CF54D700CD8DB2 /* secp256k1 */ = {
			isa = PBXGroup;
			children = (
				00B1138A27CF54D700CD8DB2 /* secp256k1_key.c */,
				00B1138B27CF54D700CD8DB2 /* seck256k1_key.h */,
			);
			path = secp256k1;
			sourceTree = "<group>";
		};
		00B1139B27CF552B00CD8DB2 /* third_party */ = {
			isa = PBXGroup;
			children = (
				00B1139C27CF555D00CD8DB2 /* cJSON.c */,
				00B1139D27CF555D00CD8DB2 /* cJSON.h */,
			);
			name = third_party;
			sourceTree = "<group>";
		};
		966E8D2427D8252F002F4AD0 /* MetabloxDID */ = {
			isa = PBXGroup;
			children = (
				966E8D3C27DFC367002F4AD0 /* DIDCore.swift */,
				966E8D3827DFBA38002F4AD0 /* MetabloxDID.modulemap */,
				966E8D2527D8252F002F4AD0 /* MetabloxDID.h */,
			);
			path = MetabloxDID;
			sourceTree = "<group>";
		};
		96CE5B0A27E94CEC0035E706 /* MetabloxDIDTests */ = {
			isa = PBXGroup;
			children = (
				96CE5B0B27E94CEC0035E706 /* MetabloxDIDTests.swift */,
			);
			path = MetabloxDIDTests;
			sourceTree = "<group>";
		};
/* End PBXGroup section */

/* Begin PBXHeadersBuildPhase section */
		966E8D1E27D8252F002F4AD0 /* Headers */ = {
			isa = PBXHeadersBuildPhase;
			buildActionMask = 2147483647;
			files = (
				966E8D2627D8252F002F4AD0 /* MetabloxDID.h in Headers */,
				966E8D3927DFC2AF002F4AD0 /* did.h in Headers */,
				966E8D3A27DFC2AF002F4AD0 /* did_wallet.h in Headers */,
				966E8D3F27DFCEEB002F4AD0 /* did_key.h in Headers */,
				966E8D4027DFCEEB002F4AD0 /* key_generator.h in Headers */,
				966E8D4127DFCF13002F4AD0 /* did_conf.h in Headers */,
			);
			runOnlyForDeploymentPostprocessing = 0;
		};
/* End PBXHeadersBuildPhase section */

/* Begin PBXNativeTarget section */
		00B112FE27C6170600CD8DB2 /* DIDsdk */ = {
			isa = PBXNativeTarget;
			buildConfigurationList = 00B1130627C6170600CD8DB2 /* Build configuration list for PBXNativeTarget "DIDsdk" */;
			buildPhases = (
				00B112FB27C6170600CD8DB2 /* Sources */,
				00B112FC27C6170600CD8DB2 /* Frameworks */,
				00B112FD27C6170600CD8DB2 /* CopyFiles */,
				00B1137027C75D0300CD8DB2 /* Embed Libraries */,
			);
			buildRules = (
			);
			dependencies = (
			);
			name = DIDsdk;
			productName = did_demo;
			productReference = 00B112FF27C6170600CD8DB2 /* DIDsdk */;
			productType = "com.apple.product-type.tool";
		};
		966E8D2227D8252F002F4AD0 /* MetabloxDID */ = {
			isa = PBXNativeTarget;
			buildConfigurationList = 966E8D2927D8252F002F4AD0 /* Build configuration list for PBXNativeTarget "MetabloxDID" */;
			buildPhases = (
				966E8D1E27D8252F002F4AD0 /* Headers */,
				966E8D1F27D8252F002F4AD0 /* Sources */,
				966E8D2027D8252F002F4AD0 /* Frameworks */,
				966E8D2127D8252F002F4AD0 /* Resources */,
			);
			buildRules = (
			);
			dependencies = (
			);
			name = MetabloxDID;
			productName = MetabloxDID;
			productReference = 966E8D2327D8252F002F4AD0 /* MetabloxDID.framework */;
			productType = "com.apple.product-type.framework";
		};
		96CE5B0827E94CEC0035E706 /* MetabloxDIDTests */ = {
			isa = PBXNativeTarget;
			buildConfigurationList = 96CE5B1227E94CEC0035E706 /* Build configuration list for PBXNativeTarget "MetabloxDIDTests" */;
			buildPhases = (
				96CE5B0527E94CEC0035E706 /* Sources */,
				96CE5B0627E94CEC0035E706 /* Frameworks */,
				96CE5B0727E94CEC0035E706 /* Resources */,
			);
			buildRules = (
			);
			dependencies = (
				96CE5B0F27E94CEC0035E706 /* PBXTargetDependency */,
			);
			name = MetabloxDIDTests;
			productName = MetabloxDIDTests;
			productReference = 96CE5B0927E94CEC0035E706 /* MetabloxDIDTests.xctest */;
			productType = "com.apple.product-type.bundle.unit-test";
		};
/* End PBXNativeTarget section */

/* Begin PBXProject section */
		00B112F727C6170600CD8DB2 /* Project object */ = {
			isa = PBXProject;
			attributes = {
				LastSwiftUpdateCheck = 1320;
				LastUpgradeCheck = 1240;
				TargetAttributes = {
					00B112FE27C6170600CD8DB2 = {
						CreatedOnToolsVersion = 12.4;
						LastSwiftMigration = 1320;
					};
					966E8D2227D8252F002F4AD0 = {
						CreatedOnToolsVersion = 13.2;
					};
					96CE5B0827E94CEC0035E706 = {
						CreatedOnToolsVersion = 13.2;
					};
				};
			};
			buildConfigurationList = 00B112FA27C6170600CD8DB2 /* Build configuration list for PBXProject "DIDsdk" */;
			compatibilityVersion = "Xcode 9.3";
			developmentRegion = en;
			hasScannedForEncodings = 0;
			knownRegions = (
				en,
				Base,
			);
			mainGroup = 00B112F627C6170600CD8DB2;
			productRefGroup = 00B1130027C6170600CD8DB2 /* Products */;
			projectDirPath = "";
			projectRoot = "";
			targets = (
				00B112FE27C6170600CD8DB2 /* DIDsdk */,
				966E8D2227D8252F002F4AD0 /* MetabloxDID */,
				96CE5B0827E94CEC0035E706 /* MetabloxDIDTests */,
			);
		};
/* End PBXProject section */

/* Begin PBXResourcesBuildPhase section */
		966E8D2127D8252F002F4AD0 /* Resources */ = {
			isa = PBXResourcesBuildPhase;
			buildActionMask = 2147483647;
			files = (
			);
			runOnlyForDeploymentPostprocessing = 0;
		};
		96CE5B0727E94CEC0035E706 /* Resources */ = {
			isa = PBXResourcesBuildPhase;
			buildActionMask = 2147483647;
			files = (
			);
			runOnlyForDeploymentPostprocessing = 0;
		};
/* End PBXResourcesBuildPhase section */

/* Begin PBXSourcesBuildPhase section */
		00B112FB27C6170600CD8DB2 /* Sources */ = {
			isa = PBXSourcesBuildPhase;
			buildActionMask = 2147483647;
			files = (
				00B1139127CF54D700CD8DB2 /* base64.c in Sources */,
				00B1138F27CF54D700CD8DB2 /* did.c in Sources */,
				00B1138E27CF54D700CD8DB2 /* did_register.c in Sources */,
				00B1139527CF54D700CD8DB2 /* secp256k1_key.c in Sources */,
				00B1139327CF54D700CD8DB2 /* base58.c in Sources */,
				00B1130327C6170600CD8DB2 /* main.c in Sources */,
				00B1139227CF54D700CD8DB2 /* sha256.c in Sources */,
				00B1139727CF54D700CD8DB2 /* did_key.c in Sources */,
				00B1139627CF54D700CD8DB2 /* key_generator.c in Sources */,
				00B1139E27CF555D00CD8DB2 /* cJSON.c in Sources */,
				00B1139427CF54D700CD8DB2 /* did_wallet.c in Sources */,
				00B1139027CF54D700CD8DB2 /* aes.c in Sources */,
			);
			runOnlyForDeploymentPostprocessing = 0;
		};
		966E8D1F27D8252F002F4AD0 /* Sources */ = {
			isa = PBXSourcesBuildPhase;
			buildActionMask = 2147483647;
			files = (
				966E8D3327D991B8002F4AD0 /* sha256.c in Sources */,
				966E8D3427D991BA002F4AD0 /* base58.c in Sources */,
				966E8D2F27D991A7002F4AD0 /* secp256k1_key.c in Sources */,
				966E8D2C27D9919D002F4AD0 /* did_register.c in Sources */,
				966E8D2B27D99199002F4AD0 /* did_wallet.c in Sources */,
				966E8D2E27D991A3002F4AD0 /* key_generator.c in Sources */,
				966E8D3E27DFC574002F4AD0 /* DIDCore.swift in Sources */,
				966E8D3227D991B6002F4AD0 /* base64.c in Sources */,
				966E8D2A27D99196002F4AD0 /* main.c in Sources */,
				966E8D2D27D991A1002F4AD0 /* did_key.c in Sources */,
				966E8D3527D991BD002F4AD0 /* cJSON.c in Sources */,
				966E8D3027D991AB002F4AD0 /* did.c in Sources */,
				966E8D3127D991B4002F4AD0 /* aes.c in Sources */,
			);
			runOnlyForDeploymentPostprocessing = 0;
		};
		96CE5B0527E94CEC0035E706 /* Sources */ = {
			isa = PBXSourcesBuildPhase;
			buildActionMask = 2147483647;
			files = (
				96CE5B0C27E94CEC0035E706 /* MetabloxDIDTests.swift in Sources */,
			);
			runOnlyForDeploymentPostprocessing = 0;
		};
/* End PBXSourcesBuildPhase section */

/* Begin PBXTargetDependency section */
		96CE5B0F27E94CEC0035E706 /* PBXTargetDependency */ = {
			isa = PBXTargetDependency;
			target = 966E8D2227D8252F002F4AD0 /* MetabloxDID */;
			targetProxy = 96CE5B0E27E94CEC0035E706 /* PBXContainerItemProxy */;
		};
/* End PBXTargetDependency section */

/* Begin XCBuildConfiguration section */
		00B1130427C6170600CD8DB2 /* Debug */ = {
			isa = XCBuildConfiguration;
			buildSettings = {
				ALWAYS_SEARCH_USER_PATHS = NO;
				CLANG_ANALYZER_NONNULL = YES;
				CLANG_ANALYZER_NUMBER_OBJECT_CONVERSION = YES_AGGRESSIVE;
				CLANG_CXX_LANGUAGE_STANDARD = "gnu++14";
				CLANG_CXX_LIBRARY = "libc++";
				CLANG_ENABLE_MODULES = YES;
				CLANG_ENABLE_OBJC_ARC = YES;
				CLANG_ENABLE_OBJC_WEAK = YES;
				CLANG_WARN_BLOCK_CAPTURE_AUTORELEASING = YES;
				CLANG_WARN_BOOL_CONVERSION = YES;
				CLANG_WARN_COMMA = YES;
				CLANG_WARN_CONSTANT_CONVERSION = YES;
				CLANG_WARN_DEPRECATED_OBJC_IMPLEMENTATIONS = YES;
				CLANG_WARN_DIRECT_OBJC_ISA_USAGE = YES_ERROR;
				CLANG_WARN_DOCUMENTATION_COMMENTS = YES;
				CLANG_WARN_EMPTY_BODY = YES;
				CLANG_WARN_ENUM_CONVERSION = YES;
				CLANG_WARN_INFINITE_RECURSION = YES;
				CLANG_WARN_INT_CONVERSION = YES;
				CLANG_WARN_NON_LITERAL_NULL_CONVERSION = YES;
				CLANG_WARN_OBJC_IMPLICIT_RETAIN_SELF = YES;
				CLANG_WARN_OBJC_LITERAL_CONVERSION = YES;
				CLANG_WARN_OBJC_ROOT_CLASS = YES_ERROR;
				CLANG_WARN_QUOTED_INCLUDE_IN_FRAMEWORK_HEADER = YES;
				CLANG_WARN_RANGE_LOOP_ANALYSIS = YES;
				CLANG_WARN_STRICT_PROTOTYPES = YES;
				CLANG_WARN_SUSPICIOUS_MOVE = YES;
				CLANG_WARN_UNGUARDED_AVAILABILITY = YES_AGGRESSIVE;
				CLANG_WARN_UNREACHABLE_CODE = YES;
				CLANG_WARN__DUPLICATE_METHOD_MATCH = YES;
				COPY_PHASE_STRIP = NO;
				DEBUG_INFORMATION_FORMAT = dwarf;
				ENABLE_STRICT_OBJC_MSGSEND = YES;
				ENABLE_TESTABILITY = YES;
				GCC_C_LANGUAGE_STANDARD = gnu11;
				GCC_DYNAMIC_NO_PIC = NO;
				GCC_NO_COMMON_BLOCKS = YES;
				GCC_OPTIMIZATION_LEVEL = 0;
				GCC_PREPROCESSOR_DEFINITIONS = (
					"DEBUG=1",
					"$(inherited)",
				);
				GCC_WARN_64_TO_32_BIT_CONVERSION = YES;
				GCC_WARN_ABOUT_RETURN_TYPE = YES_ERROR;
				GCC_WARN_UNDECLARED_SELECTOR = YES;
				GCC_WARN_UNINITIALIZED_AUTOS = YES_AGGRESSIVE;
				GCC_WARN_UNUSED_FUNCTION = YES;
				GCC_WARN_UNUSED_VARIABLE = YES;
				MACOSX_DEPLOYMENT_TARGET = 11.1;
				MTL_ENABLE_DEBUG_INFO = INCLUDE_SOURCE;
				MTL_FAST_MATH = YES;
				ONLY_ACTIVE_ARCH = YES;
				SDKROOT = macosx;
			};
			name = Debug;
		};
		00B1130527C6170600CD8DB2 /* Release */ = {
			isa = XCBuildConfiguration;
			buildSettings = {
				ALWAYS_SEARCH_USER_PATHS = NO;
				CLANG_ANALYZER_NONNULL = YES;
				CLANG_ANALYZER_NUMBER_OBJECT_CONVERSION = YES_AGGRESSIVE;
				CLANG_CXX_LANGUAGE_STANDARD = "gnu++14";
				CLANG_CXX_LIBRARY = "libc++";
				CLANG_ENABLE_MODULES = YES;
				CLANG_ENABLE_OBJC_ARC = YES;
				CLANG_ENABLE_OBJC_WEAK = YES;
				CLANG_WARN_BLOCK_CAPTURE_AUTORELEASING = YES;
				CLANG_WARN_BOOL_CONVERSION = YES;
				CLANG_WARN_COMMA = YES;
				CLANG_WARN_CONSTANT_CONVERSION = YES;
				CLANG_WARN_DEPRECATED_OBJC_IMPLEMENTATIONS = YES;
				CLANG_WARN_DIRECT_OBJC_ISA_USAGE = YES_ERROR;
				CLANG_WARN_DOCUMENTATION_COMMENTS = YES;
				CLANG_WARN_EMPTY_BODY = YES;
				CLANG_WARN_ENUM_CONVERSION = YES;
				CLANG_WARN_INFINITE_RECURSION = YES;
				CLANG_WARN_INT_CONVERSION = YES;
				CLANG_WARN_NON_LITERAL_NULL_CONVERSION = YES;
				CLANG_WARN_OBJC_IMPLICIT_RETAIN_SELF = YES;
				CLANG_WARN_OBJC_LITERAL_CONVERSION = YES;
				CLANG_WARN_OBJC_ROOT_CLASS = YES_ERROR;
				CLANG_WARN_QUOTED_INCLUDE_IN_FRAMEWORK_HEADER = YES;
				CLANG_WARN_RANGE_LOOP_ANALYSIS = YES;
				CLANG_WARN_STRICT_PROTOTYPES = YES;
				CLANG_WARN_SUSPICIOUS_MOVE = YES;
				CLANG_WARN_UNGUARDED_AVAILABILITY = YES_AGGRESSIVE;
				CLANG_WARN_UNREACHABLE_CODE = YES;
				CLANG_WARN__DUPLICATE_METHOD_MATCH = YES;
				COPY_PHASE_STRIP = NO;
				DEBUG_INFORMATION_FORMAT = "dwarf-with-dsym";
				ENABLE_NS_ASSERTIONS = NO;
				ENABLE_STRICT_OBJC_MSGSEND = YES;
				GCC_C_LANGUAGE_STANDARD = gnu11;
				GCC_NO_COMMON_BLOCKS = YES;
				GCC_WARN_64_TO_32_BIT_CONVERSION = YES;
				GCC_WARN_ABOUT_RETURN_TYPE = YES_ERROR;
				GCC_WARN_UNDECLARED_SELECTOR = YES;
				GCC_WARN_UNINITIALIZED_AUTOS = YES_AGGRESSIVE;
				GCC_WARN_UNUSED_FUNCTION = YES;
				GCC_WARN_UNUSED_VARIABLE = YES;
				MACOSX_DEPLOYMENT_TARGET = 11.1;
				MTL_ENABLE_DEBUG_INFO = NO;
				MTL_FAST_MATH = YES;
				SDKROOT = macosx;
			};
			name = Release;
		};
		00B1130727C6170600CD8DB2 /* Debug */ = {
			isa = XCBuildConfiguration;
			buildSettings = {
				CLANG_ENABLE_MODULES = YES;
				CODE_SIGN_STYLE = Automatic;
				HEADER_SEARCH_PATHS = (
					../,
					"../third-party",
					"../third-party/leveldb/include",
					"../third-party/curl/include",
				);
				LD_RUNPATH_SEARCH_PATHS = "$(PROJECT_DIR)/../libs/macos";
				LIBRARY_SEARCH_PATHS = ../libs/macos;
				OTHER_LDFLAGS = (
					"-lcurl",
					"-lleveldb",
					"-lsecp256k1",
					"-lz",
				);
				OTHER_LIBTOOLFLAGS = "";
				PRODUCT_NAME = "$(TARGET_NAME)";
				SWIFT_OBJC_BRIDGING_HEADER = "DIDsdk-Bridging-Header.h";
				SWIFT_OPTIMIZATION_LEVEL = "-Onone";
				SWIFT_VERSION = 5.0;
			};
			name = Debug;
		};
		00B1130827C6170600CD8DB2 /* Release */ = {
			isa = XCBuildConfiguration;
			buildSettings = {
				CLANG_ENABLE_MODULES = YES;
				CODE_SIGN_STYLE = Automatic;
				HEADER_SEARCH_PATHS = (
					../,
					"../third-party",
					"../third-party/leveldb/include",
					"../third-party/curl/include",
				);
				LD_RUNPATH_SEARCH_PATHS = "$(PROJECT_DIR)/../libs/macos";
				LIBRARY_SEARCH_PATHS = ../libs/macos;
				OTHER_LDFLAGS = (
					"-lcurl",
					"-lleveldb",
					"-lsecp256k1",
					"-lz",
				);
				OTHER_LIBTOOLFLAGS = "";
				PRODUCT_NAME = "$(TARGET_NAME)";
				SWIFT_OBJC_BRIDGING_HEADER = "DIDsdk-Bridging-Header.h";
				SWIFT_VERSION = 5.0;
			};
			name = Release;
		};
		966E8D2727D8252F002F4AD0 /* Debug */ = {
			isa = XCBuildConfiguration;
			buildSettings = {
				CLANG_CXX_LANGUAGE_STANDARD = "gnu++17";
				CODE_SIGN_STYLE = Automatic;
				CURRENT_PROJECT_VERSION = 1;
				DEFINES_MODULE = YES;
				DYLIB_COMPATIBILITY_VERSION = 1;
				DYLIB_CURRENT_VERSION = 1;
				DYLIB_INSTALL_NAME_BASE = "@rpath";
				ENABLE_BITCODE = NO;
				GENERATE_INFOPLIST_FILE = YES;
				HEADER_SEARCH_PATHS = (
					../,
					"../third-party",
					"../third-party/leveldb/include",
					"../third-party/curl/include",
				);
				INFOPLIST_KEY_NSHumanReadableCopyright = "";
				INSTALL_PATH = "$(LOCAL_LIBRARY_DIR)/Frameworks";
				IPHONEOS_DEPLOYMENT_TARGET = 14.0;
				LD_RUNPATH_SEARCH_PATHS = (
					"$(inherited)",
					"@executable_path/Frameworks",
					"@loader_path/Frameworks",
					"$(PROJECT_DIR)/../libs/ios",
				);
				LIBRARY_SEARCH_PATHS = ../libs/ios;
				MARKETING_VERSION = 1.0;
				MODULEMAP_FILE = $SRCROOT/MetabloxDID/MetabloxDID.modulemap;
				MODULEMAP_PRIVATE_FILE = "";
				OTHER_CFLAGS = "";
				OTHER_LDFLAGS = (
					"-lcurl",
					"-lleveldb",
					"-lsecp256k1",
					"-lz",
				);
				PRODUCT_BUNDLE_IDENTIFIER = com.metablox.MetabloxDID;
				PRODUCT_NAME = "$(TARGET_NAME:c99extidentifier)";
				SDKROOT = iphoneos;
				SKIP_INSTALL = YES;
				SWIFT_ACTIVE_COMPILATION_CONDITIONS = DEBUG;
				SWIFT_EMIT_LOC_STRINGS = YES;
				SWIFT_OPTIMIZATION_LEVEL = "-Onone";
				SWIFT_VERSION = 5.0;
				TARGETED_DEVICE_FAMILY = "1,2";
				VERSIONING_SYSTEM = "apple-generic";
				VERSION_INFO_PREFIX = "";
			};
			name = Debug;
		};
		966E8D2827D8252F002F4AD0 /* Release */ = {
			isa = XCBuildConfiguration;
			buildSettings = {
				CLANG_CXX_LANGUAGE_STANDARD = "gnu++17";
				CODE_SIGN_STYLE = Automatic;
				CURRENT_PROJECT_VERSION = 1;
				DEFINES_MODULE = YES;
				DYLIB_COMPATIBILITY_VERSION = 1;
				DYLIB_CURRENT_VERSION = 1;
				DYLIB_INSTALL_NAME_BASE = "@rpath";
				ENABLE_BITCODE = NO;
				GENERATE_INFOPLIST_FILE = YES;
				HEADER_SEARCH_PATHS = (
					../,
					"../third-party",
					"../third-party/leveldb/include",
					"../third-party/curl/include",
				);
				INFOPLIST_KEY_NSHumanReadableCopyright = "";
				INSTALL_PATH = "$(LOCAL_LIBRARY_DIR)/Frameworks";
				IPHONEOS_DEPLOYMENT_TARGET = 14.0;
				LD_RUNPATH_SEARCH_PATHS = (
					"$(inherited)",
					"@executable_path/Frameworks",
					"@loader_path/Frameworks",
					"$(PROJECT_DIR)/../libs/ios",
				);
				LIBRARY_SEARCH_PATHS = ../libs/ios;
				MARKETING_VERSION = 1.0;
				MODULEMAP_FILE = $SRCROOT/MetabloxDID/MetabloxDID.modulemap;
				MODULEMAP_PRIVATE_FILE = "";
				OTHER_CFLAGS = "";
				OTHER_LDFLAGS = (
					"-lcurl",
					"-lleveldb",
					"-lsecp256k1",
					"-lz",
				);
				PRODUCT_BUNDLE_IDENTIFIER = com.metablox.MetabloxDID;
				PRODUCT_NAME = "$(TARGET_NAME:c99extidentifier)";
				SDKROOT = iphoneos;
				SKIP_INSTALL = YES;
				SWIFT_COMPILATION_MODE = wholemodule;
				SWIFT_EMIT_LOC_STRINGS = YES;
				SWIFT_OPTIMIZATION_LEVEL = "-O";
				SWIFT_VERSION = 5.0;
				TARGETED_DEVICE_FAMILY = "1,2";
				VALIDATE_PRODUCT = YES;
				VERSIONING_SYSTEM = "apple-generic";
				VERSION_INFO_PREFIX = "";
			};
			name = Release;
		};
		96CE5B1027E94CEC0035E706 /* Debug */ = {
			isa = XCBuildConfiguration;
			buildSettings = {
				CLANG_CXX_LANGUAGE_STANDARD = "gnu++17";
				CODE_SIGN_STYLE = Automatic;
				CURRENT_PROJECT_VERSION = 1;
				GENERATE_INFOPLIST_FILE = YES;
				IPHONEOS_DEPLOYMENT_TARGET = 14.1;
				MARKETING_VERSION = 1.0;
				PRODUCT_BUNDLE_IDENTIFIER = com.metablox.app1.MetabloxDIDTests;
				PRODUCT_NAME = "$(TARGET_NAME)";
				SDKROOT = iphoneos;
				SWIFT_ACTIVE_COMPILATION_CONDITIONS = DEBUG;
				SWIFT_EMIT_LOC_STRINGS = NO;
				SWIFT_OPTIMIZATION_LEVEL = "-Onone";
				SWIFT_VERSION = 5.0;
				TARGETED_DEVICE_FAMILY = "1,2";
			};
			name = Debug;
		};
		96CE5B1127E94CEC0035E706 /* Release */ = {
			isa = XCBuildConfiguration;
			buildSettings = {
				CLANG_CXX_LANGUAGE_STANDARD = "gnu++17";
				CODE_SIGN_STYLE = Automatic;
				CURRENT_PROJECT_VERSION = 1;
				GENERATE_INFOPLIST_FILE = YES;
				IPHONEOS_DEPLOYMENT_TARGET = 14.1;
				MARKETING_VERSION = 1.0;
				PRODUCT_BUNDLE_IDENTIFIER = com.metablox.app1.MetabloxDIDTests;
				PRODUCT_NAME = "$(TARGET_NAME)";
				SDKROOT = iphoneos;
				SWIFT_COMPILATION_MODE = wholemodule;
				SWIFT_EMIT_LOC_STRINGS = NO;
				SWIFT_OPTIMIZATION_LEVEL = "-O";
				SWIFT_VERSION = 5.0;
				TARGETED_DEVICE_FAMILY = "1,2";
				VALIDATE_PRODUCT = YES;
			};
			name = Release;
		};
/* End XCBuildConfiguration section */

/* Begin XCConfigurationList section */
		00B112FA27C6170600CD8DB2 /* Build configuration list for PBXProject "DIDsdk" */ = {
			isa = XCConfigurationList;
			buildConfigurations = (
				00B1130427C6170600CD8DB2 /* Debug */,
				00B1130527C6170600CD8DB2 /* Release */,
			);
			defaultConfigurationIsVisible = 0;
			defaultConfigurationName = Release;
		};
		00B1130627C6170600CD8DB2 /* Build configuration list for PBXNativeTarget "DIDsdk" */ = {
			isa = XCConfigurationList;
			buildConfigurations = (
				00B1130727C6170600CD8DB2 /* Debug */,
				00B1130827C6170600CD8DB2 /* Release */,
			);
			defaultConfigurationIsVisible = 0;
			defaultConfigurationName = Release;
		};
		966E8D2927D8252F002F4AD0 /* Build configuration list for PBXNativeTarget "MetabloxDID" */ = {
			isa = XCConfigurationList;
			buildConfigurations = (
				966E8D2727D8252F002F4AD0 /* Debug */,
				966E8D2827D8252F002F4AD0 /* Release */,
			);
			defaultConfigurationIsVisible = 0;
			defaultConfigurationName = Release;
		};
		96CE5B1227E94CEC0035E706 /* Build configuration list for PBXNativeTarget "MetabloxDIDTests" */ = {
			isa = XCConfigurationList;
			buildConfigurations = (
				96CE5B1027E94CEC0035E706 /* Debug */,
				96CE5B1127E94CEC0035E706 /* Release */,
			);
			defaultConfigurationIsVisible = 0;
			defaultConfigurationName = Release;
		};
/* End XCConfigurationList section */
	};
	rootObject = 00B112F727C6170600CD8DB2 /* Project object */;
}
